{
  "dependencies": {
    "node-socrata": {
      "version": "0.0.50",
      "dependencies": {
        "rest": {
          "version": "1.3.1",
          "dependencies": {
            "when": {
              "version": "3.7.7"
            }
          }
        },
        "through": {
          "version": "2.3.8"
        },
        "lodash": {
          "version": "2.4.2"
        }
      }
    }
  }
}
